
Microsoft Visual Studio Solution File, Format Version 12.00
# Visual Studio 14
VisualStudioVersion = 14.0.25420.1
MinimumVisualStudioVersion = 10.0.40219.1
Project("{FAE04EC0-301F-11D3-BF4B-00C04F79EFBC}") = "AcTools.Kn5Render", "AcTools.Kn5Render\AcTools.Kn5Render.csproj", "{C0BF6044-7CC2-497D-85B9-EB798FE65BE2}"
EndProject
Project("{FAE04EC0-301F-11D3-BF4B-00C04F79EFBC}") = "AcToolsShowroom", "AcToolsShowroom\AcToolsShowroom.csproj", "{020EDDAD-D7E3-4114-808D-8EC78C43EAE4}"
EndProject
Project("{FAE04EC0-301F-11D3-BF4B-00C04F79EFBC}") = "AiOptimizer", "AiOptimizer\AiOptimizer.csproj", "{C5C0262D-F70E-43E8-990E-3E0837B347D3}"
EndProject
Project("{FAE04EC0-301F-11D3-BF4B-00C04F79EFBC}") = "DataAnalyzer", "DataAnalyzer\DataAnalyzer.csproj", "{05D34040-020F-4B99-B21A-8D751D5E5905}"
EndProject
Project("{FAE04EC0-301F-11D3-BF4B-00C04F79EFBC}") = "DataCollector", "DataCollector\DataCollector.csproj", "{8D11A339-B062-43F9-9EAD-27AC5CE32BDE}"
EndProject
Project("{FAE04EC0-301F-11D3-BF4B-00C04F79EFBC}") = "Kn5Materials", "Kn5Materials\Kn5Materials.csproj", "{CDB5CCD5-634D-4396-AC7B-D8B3504B9EF2}"
EndProject
Project("{FAE04EC0-301F-11D3-BF4B-00C04F79EFBC}") = "Kn5Pack", "Kn5Pack\Kn5Pack.csproj", "{08B98980-C61C-4ED4-8AB7-AD741D8E5EBA}"
EndProject
Project("{FAE04EC0-301F-11D3-BF4B-00C04F79EFBC}") = "Kn5Unpack", "Kn5Unpack\Kn5Unpack.csproj", "{A856D415-2AF4-48E8-B9D8-93E8DB8A8D2B}"
EndProject
Project("{FAE04EC0-301F-11D3-BF4B-00C04F79EFBC}") = "TrackMapGenerator", "TrackMapGenerator\TrackMapGenerator.csproj", "{65E72711-C117-424E-B9A2-27F8C40254A9}"
EndProject
Project("{FAE04EC0-301F-11D3-BF4B-00C04F79EFBC}") = "DataAcdUnpack", "DataAcdUnpack\DataAcdUnpack.csproj", "{14BABAD4-2A76-49D6-9184-3DC13A29956F}"
EndProject
Project("{FAE04EC0-301F-11D3-BF4B-00C04F79EFBC}") = "AcTools.Render.Deferred", "AcTools.Render.Deferred\AcTools.Render.Deferred.csproj", "{DC4496F0-C3D8-4DD3-8E8E-D7CC4973B2B0}"
EndProject
Global
	GlobalSection(SolutionConfigurationPlatforms) = preSolution
		Debug|Any CPU = Debug|Any CPU
		Release|Any CPU = Release|Any CPU
	EndGlobalSection
	GlobalSection(ProjectConfigurationPlatforms) = postSolution
		{C0BF6044-7CC2-497D-85B9-EB798FE65BE2}.Debug|Any CPU.ActiveCfg = Debug|Any CPU
		{C0BF6044-7CC2-497D-85B9-EB798FE65BE2}.Debug|Any CPU.Build.0 = Debug|Any CPU
		{C0BF6044-7CC2-497D-85B9-EB798FE65BE2}.Release|Any CPU.ActiveCfg = Release|Any CPU
		{C0BF6044-7CC2-497D-85B9-EB798FE65BE2}.Release|Any CPU.Build.0 = Release|Any CPU
		{020EDDAD-D7E3-4114-808D-8EC78C43EAE4}.Debug|Any CPU.ActiveCfg = Debug|Any CPU
		{020EDDAD-D7E3-4114-808D-8EC78C43EAE4}.Debug|Any CPU.Build.0 = Debug|Any CPU
		{020EDDAD-D7E3-4114-808D-8EC78C43EAE4}.Release|Any CPU.ActiveCfg = Release|Any CPU
		{020EDDAD-D7E3-4114-808D-8EC78C43EAE4}.Release|Any CPU.Build.0 = Release|Any CPU
		{C5C0262D-F70E-43E8-990E-3E0837B347D3}.Debug|Any CPU.ActiveCfg = Debug|Any CPU
		{C5C0262D-F70E-43E8-990E-3E0837B347D3}.Debug|Any CPU.Build.0 = Debug|Any CPU
		{C5C0262D-F70E-43E8-990E-3E0837B347D3}.Release|Any CPU.ActiveCfg = Release|Any CPU
		{C5C0262D-F70E-43E8-990E-3E0837B347D3}.Release|Any CPU.Build.0 = Release|Any CPU
		{05D34040-020F-4B99-B21A-8D751D5E5905}.Debug|Any CPU.ActiveCfg = Debug|Any CPU
		{05D34040-020F-4B99-B21A-8D751D5E5905}.Debug|Any CPU.Build.0 = Debug|Any CPU
		{05D34040-020F-4B99-B21A-8D751D5E5905}.Release|Any CPU.ActiveCfg = Release|Any CPU
		{05D34040-020F-4B99-B21A-8D751D5E5905}.Release|Any CPU.Build.0 = Release|Any CPU
		{8D11A339-B062-43F9-9EAD-27AC5CE32BDE}.Debug|Any CPU.ActiveCfg = Debug|Any CPU
		{8D11A339-B062-43F9-9EAD-27AC5CE32BDE}.Debug|Any CPU.Build.0 = Debug|Any CPU
		{8D11A339-B062-43F9-9EAD-27AC5CE32BDE}.Release|Any CPU.ActiveCfg = Release|Any CPU
		{8D11A339-B062-43F9-9EAD-27AC5CE32BDE}.Release|Any CPU.Build.0 = Release|Any CPU
		{CDB5CCD5-634D-4396-AC7B-D8B3504B9EF2}.Debug|Any CPU.ActiveCfg = Debug|Any CPU
		{CDB5CCD5-634D-4396-AC7B-D8B3504B9EF2}.Debug|Any CPU.Build.0 = Debug|Any CPU
		{CDB5CCD5-634D-4396-AC7B-D8B3504B9EF2}.Release|Any CPU.ActiveCfg = Release|Any CPU
		{CDB5CCD5-634D-4396-AC7B-D8B3504B9EF2}.Release|Any CPU.Build.0 = Release|Any CPU
		{08B98980-C61C-4ED4-8AB7-AD741D8E5EBA}.Debug|Any CPU.ActiveCfg = Debug|Any CPU
		{08B98980-C61C-4ED4-8AB7-AD741D8E5EBA}.Debug|Any CPU.Build.0 = Debug|Any CPU
		{08B98980-C61C-4ED4-8AB7-AD741D8E5EBA}.Release|Any CPU.ActiveCfg = Release|Any CPU
		{08B98980-C61C-4ED4-8AB7-AD741D8E5EBA}.Release|Any CPU.Build.0 = Release|Any CPU
		{A856D415-2AF4-48E8-B9D8-93E8DB8A8D2B}.Debug|Any CPU.ActiveCfg = Debug|Any CPU
		{A856D415-2AF4-48E8-B9D8-93E8DB8A8D2B}.Debug|Any CPU.Build.0 = Debug|Any CPU
		{A856D415-2AF4-48E8-B9D8-93E8DB8A8D2B}.Release|Any CPU.ActiveCfg = Release|Any CPU
		{A856D415-2AF4-48E8-B9D8-93E8DB8A8D2B}.Release|Any CPU.Build.0 = Release|Any CPU
		{65E72711-C117-424E-B9A2-27F8C40254A9}.Debug|Any CPU.ActiveCfg = Debug|Any CPU
		{65E72711-C117-424E-B9A2-27F8C40254A9}.Debug|Any CPU.Build.0 = Debug|Any CPU
		{65E72711-C117-424E-B9A2-27F8C40254A9}.Release|Any CPU.ActiveCfg = Release|Any CPU
		{65E72711-C117-424E-B9A2-27F8C40254A9}.Release|Any CPU.Build.0 = Release|Any CPU
		{14BABAD4-2A76-49D6-9184-3DC13A29956F}.Debug|Any CPU.ActiveCfg = Debug|Any CPU
		{14BABAD4-2A76-49D6-9184-3DC13A29956F}.Debug|Any CPU.Build.0 = Debug|Any CPU
		{14BABAD4-2A76-49D6-9184-3DC13A29956F}.Release|Any CPU.ActiveCfg = Release|Any CPU
		{14BABAD4-2A76-49D6-9184-3DC13A29956F}.Release|Any CPU.Build.0 = Release|Any CPU
		{DC4496F0-C3D8-4DD3-8E8E-D7CC4973B2B0}.Debug|Any CPU.ActiveCfg = Debug|x86
		{DC4496F0-C3D8-4DD3-8E8E-D7CC4973B2B0}.Debug|Any CPU.Build.0 = Debug|x86
		{DC4496F0-C3D8-4DD3-8E8E-D7CC4973B2B0}.Release|Any CPU.ActiveCfg = Release|x86
		{DC4496F0-C3D8-4DD3-8E8E-D7CC4973B2B0}.Release|Any CPU.Build.0 = Release|x86
	EndGlobalSection
	GlobalSection(SolutionProperties) = preSolution
		HideSolutionNode = FALSE
	EndGlobalSection
EndGlobal
